
Microsoft Visual Studio Solution File, Format Version 12.00
# Visual Studio Version 16
VisualStudioVersion = 16.0.30717.126
MinimumVisualStudioVersion = 10.0.40219.1
Project("{FAE04EC0-301F-11D3-BF4B-00C04F79EFBC}") = "ConsoleApp1", "ConsoleApp1\ConsoleApp1.csproj", "{1728A418-F74A-4CCC-8BBE-8E544CDCC3AB}"
EndProject
Global
	GlobalSection(SolutionConfigurationPlatforms) = preSolution
		Debug|Any CPU = Debug|Any CPU
		Release|Any CPU = Release|Any CPU
	EndGlobalSection
	GlobalSection(ProjectConfigurationPlatforms) = postSolution
		{1728A418-F74A-4CCC-8BBE-8E544CDCC3AB}.Debug|Any CPU.ActiveCfg = Debug|Any CPU
		{1728A418-F74A-4CCC-8BBE-8E544CDCC3AB}.Debug|Any CPU.Build.0 = Debug|Any CPU
		{1728A418-F74A-4CCC-8BBE-8E544CDCC3AB}.Release|Any CPU.ActiveCfg = Release|Any CPU
		{1728A418-F74A-4CCC-8BBE-8E544CDCC3AB}.Release|Any CPU.Build.0 = Release|Any CPU
	EndGlobalSection
	GlobalSection(SolutionProperties) = preSolution
		HideSolutionNode = FALSE
	EndGlobalSection
	GlobalSection(ExtensibilityGlobals) = postSolution
		SolutionGuid = {F901D22A-437A-459D-A00B-ECC911E93B34}
	EndGlobalSection
EndGlobal
